
Microsoft Visual Studio Solution File, Format Version 12.00
# Visual Studio Version 16
VisualStudioVersion = 16.0.30523.141
MinimumVisualStudioVersion = 10.0.40219.1
Project("{F184B08F-C81C-45F6-A57F-5ABD9991F28F}") = "ConsoleDomingo", "ConsoleDomingo.vbproj", "{AD538604-E9FA-496B-BD08-E29C27C2FE20}"
EndProject
Global
	GlobalSection(SolutionConfigurationPlatforms) = preSolution
		Debug|Any CPU = Debug|Any CPU
		Release|Any CPU = Release|Any CPU
	EndGlobalSection
	GlobalSection(ProjectConfigurationPlatforms) = postSolution
		{AD538604-E9FA-496B-BD08-E29C27C2FE20}.Debug|Any CPU.ActiveCfg = Debug|Any CPU
		{AD538604-E9FA-496B-BD08-E29C27C2FE20}.Debug|Any CPU.Build.0 = Debug|Any CPU
		{AD538604-E9FA-496B-BD08-E29C27C2FE20}.Release|Any CPU.ActiveCfg = Release|Any CPU
		{AD538604-E9FA-496B-BD08-E29C27C2FE20}.Release|Any CPU.Build.0 = Release|Any CPU
	EndGlobalSection
	GlobalSection(SolutionProperties) = preSolution
		HideSolutionNode = FALSE
	EndGlobalSection
	GlobalSection(ExtensibilityGlobals) = postSolution
		SolutionGuid = {4DD706FF-3C35-4D49-995F-9346244C84A2}
	EndGlobalSection
EndGlobal
